
Microsoft Visual Studio Solution File, Format Version 12.00
# Visual Studio 15
VisualStudioVersion = 15.0.27428.2005
MinimumVisualStudioVersion = 10.0.40219.1
Project("{FAE04EC0-301F-11D3-BF4B-00C04F79EFBC}") = "dinamicButton", "dinamicButton\dinamicButton.csproj", "{7C3853F6-891A-4E81-8AB0-93D767B705EF}"
EndProject
Global
	GlobalSection(SolutionConfigurationPlatforms) = preSolution
		Debug|Any CPU = Debug|Any CPU
		Release|Any CPU = Release|Any CPU
	EndGlobalSection
	GlobalSection(ProjectConfigurationPlatforms) = postSolution
		{7C3853F6-891A-4E81-8AB0-93D767B705EF}.Debug|Any CPU.ActiveCfg = Debug|Any CPU
		{7C3853F6-891A-4E81-8AB0-93D767B705EF}.Debug|Any CPU.Build.0 = Debug|Any CPU
		{7C3853F6-891A-4E81-8AB0-93D767B705EF}.Release|Any CPU.ActiveCfg = Release|Any CPU
		{7C3853F6-891A-4E81-8AB0-93D767B705EF}.Release|Any CPU.Build.0 = Release|Any CPU
	EndGlobalSection
	GlobalSection(SolutionProperties) = preSolution
		HideSolutionNode = FALSE
	EndGlobalSection
	GlobalSection(ExtensibilityGlobals) = postSolution
		SolutionGuid = {D904E174-0FB2-4677-85DA-FF0625B24F83}
	EndGlobalSection
EndGlobal
