
Microsoft Visual Studio Solution File, Format Version 12.00
# Visual Studio 15
VisualStudioVersion = 15.0.27130.2020
MinimumVisualStudioVersion = 10.0.40219.1
Project("{FAE04EC0-301F-11D3-BF4B-00C04F79EFBC}") = "Third", "Third\Third.csproj", "{65A49C74-BF17-43CA-858E-0A9B54077EAF}"
EndProject
Global
	GlobalSection(SolutionConfigurationPlatforms) = preSolution
		Debug|Any CPU = Debug|Any CPU
		Release|Any CPU = Release|Any CPU
	EndGlobalSection
	GlobalSection(ProjectConfigurationPlatforms) = postSolution
		{65A49C74-BF17-43CA-858E-0A9B54077EAF}.Debug|Any CPU.ActiveCfg = Debug|Any CPU
		{65A49C74-BF17-43CA-858E-0A9B54077EAF}.Debug|Any CPU.Build.0 = Debug|Any CPU
		{65A49C74-BF17-43CA-858E-0A9B54077EAF}.Release|Any CPU.ActiveCfg = Release|Any CPU
		{65A49C74-BF17-43CA-858E-0A9B54077EAF}.Release|Any CPU.Build.0 = Release|Any CPU
	EndGlobalSection
	GlobalSection(SolutionProperties) = preSolution
		HideSolutionNode = FALSE
	EndGlobalSection
	GlobalSection(ExtensibilityGlobals) = postSolution
		SolutionGuid = {77F88A81-1536-4666-AEAA-6981B2FAF4A2}
	EndGlobalSection
EndGlobal
