
Microsoft Visual Studio Solution File, Format Version 12.00
# Visual Studio 15
VisualStudioVersion = 15.0.27130.2020
MinimumVisualStudioVersion = 10.0.40219.1
Project("{FAE04EC0-301F-11D3-BF4B-00C04F79EFBC}") = "Serialization", "Serialization\Serialization.csproj", "{D98AF093-61FE-465F-A8C0-58686B53BB06}"
EndProject
Global
	GlobalSection(SolutionConfigurationPlatforms) = preSolution
		Debug|Any CPU = Debug|Any CPU
		Release|Any CPU = Release|Any CPU
	EndGlobalSection
	GlobalSection(ProjectConfigurationPlatforms) = postSolution
		{D98AF093-61FE-465F-A8C0-58686B53BB06}.Debug|Any CPU.ActiveCfg = Debug|Any CPU
		{D98AF093-61FE-465F-A8C0-58686B53BB06}.Debug|Any CPU.Build.0 = Debug|Any CPU
		{D98AF093-61FE-465F-A8C0-58686B53BB06}.Release|Any CPU.ActiveCfg = Release|Any CPU
		{D98AF093-61FE-465F-A8C0-58686B53BB06}.Release|Any CPU.Build.0 = Release|Any CPU
	EndGlobalSection
	GlobalSection(SolutionProperties) = preSolution
		HideSolutionNode = FALSE
	EndGlobalSection
	GlobalSection(ExtensibilityGlobals) = postSolution
		SolutionGuid = {797B40CE-FA8A-4249-BB05-9C47F2879A56}
	EndGlobalSection
EndGlobal
