
Microsoft Visual Studio Solution File, Format Version 12.00
# Visual Studio 15
VisualStudioVersion = 15.0.27130.2020
MinimumVisualStudioVersion = 10.0.40219.1
Project("{FAE04EC0-301F-11D3-BF4B-00C04F79EFBC}") = "2", "2\2.csproj", "{C9AEB388-EBED-4BB3-8559-B9AC0642802A}"
EndProject
Global
	GlobalSection(SolutionConfigurationPlatforms) = preSolution
		Debug|Any CPU = Debug|Any CPU
		Release|Any CPU = Release|Any CPU
	EndGlobalSection
	GlobalSection(ProjectConfigurationPlatforms) = postSolution
		{C9AEB388-EBED-4BB3-8559-B9AC0642802A}.Debug|Any CPU.ActiveCfg = Debug|Any CPU
		{C9AEB388-EBED-4BB3-8559-B9AC0642802A}.Debug|Any CPU.Build.0 = Debug|Any CPU
		{C9AEB388-EBED-4BB3-8559-B9AC0642802A}.Release|Any CPU.ActiveCfg = Release|Any CPU
		{C9AEB388-EBED-4BB3-8559-B9AC0642802A}.Release|Any CPU.Build.0 = Release|Any CPU
	EndGlobalSection
	GlobalSection(SolutionProperties) = preSolution
		HideSolutionNode = FALSE
	EndGlobalSection
	GlobalSection(ExtensibilityGlobals) = postSolution
		SolutionGuid = {F339A13D-32F0-437C-A5B2-6FC76D429288}
	EndGlobalSection
EndGlobal
