
Microsoft Visual Studio Solution File, Format Version 12.00
# Visual Studio 15
VisualStudioVersion = 15.0.27130.2020
MinimumVisualStudioVersion = 10.0.40219.1
Project("{FAE04EC0-301F-11D3-BF4B-00C04F79EFBC}") = "snake_example", "snake_example\snake_example.csproj", "{5B8D36C0-74BD-42A9-925B-982602FEAFA2}"
EndProject
Global
	GlobalSection(SolutionConfigurationPlatforms) = preSolution
		Debug|Any CPU = Debug|Any CPU
		Release|Any CPU = Release|Any CPU
	EndGlobalSection
	GlobalSection(ProjectConfigurationPlatforms) = postSolution
		{5B8D36C0-74BD-42A9-925B-982602FEAFA2}.Debug|Any CPU.ActiveCfg = Debug|Any CPU
		{5B8D36C0-74BD-42A9-925B-982602FEAFA2}.Debug|Any CPU.Build.0 = Debug|Any CPU
		{5B8D36C0-74BD-42A9-925B-982602FEAFA2}.Release|Any CPU.ActiveCfg = Release|Any CPU
		{5B8D36C0-74BD-42A9-925B-982602FEAFA2}.Release|Any CPU.Build.0 = Release|Any CPU
	EndGlobalSection
	GlobalSection(SolutionProperties) = preSolution
		HideSolutionNode = FALSE
	EndGlobalSection
	GlobalSection(ExtensibilityGlobals) = postSolution
		SolutionGuid = {91AD0DF6-1311-4353-B481-C8468819F903}
	EndGlobalSection
EndGlobal
